
Microsoft Visual Studio Solution File, Format Version 12.00
# Visual Studio Version 17
VisualStudioVersion = 17.4.33213.308
MinimumVisualStudioVersion = 10.0.40219.1
Project("{FAE04EC0-301F-11D3-BF4B-00C04F79EFBC}") = "SistemaVenta.API", "SistemaVenta.API\SistemaVenta.API.csproj", "{07045570-545F-4880-86B1-5BB9F346A5D7}"
EndProject
Project("{FAE04EC0-301F-11D3-BF4B-00C04F79EFBC}") = "SistemaVenta.DAL", "SistemaVenta.DAL\SistemaVenta.DAL.csproj", "{FC75859C-D8DD-4A91-BA8C-B607A9147176}"
EndProject
Project("{FAE04EC0-301F-11D3-BF4B-00C04F79EFBC}") = "SistemaVenta.BLL", "SistemaVenta.BLL\SistemaVenta.BLL.csproj", "{2E19A77E-94A3-48E2-82F5-B279671858D2}"
EndProject
Project("{FAE04EC0-301F-11D3-BF4B-00C04F79EFBC}") = "SistemaVenta.Model", "SistemaVenta.Model\SistemaVenta.Model.csproj", "{DFEBB8FB-55B8-4E76-8DC7-8ECA66E97A5A}"
EndProject
Project("{FAE04EC0-301F-11D3-BF4B-00C04F79EFBC}") = "SistemaVenta.IOC", "SistemaVenta.IOC\SistemaVenta.IOC.csproj", "{A7C11378-2C32-4765-A27F-18AFCD8F54B1}"
EndProject
Project("{FAE04EC0-301F-11D3-BF4B-00C04F79EFBC}") = "SistemaVenta.DTO", "SistemaVenta.DTO\SistemaVenta.DTO.csproj", "{147E2D47-271E-4EAD-999C-C9A3C6693E5F}"
EndProject
Project("{FAE04EC0-301F-11D3-BF4B-00C04F79EFBC}") = "SistemaVenta.Utility", "SistemaVenta.Utility\SistemaVenta.Utility.csproj", "{6CB89FB8-69FF-4BF0-8F71-5233FF04771A}"
EndProject
Global
	GlobalSection(SolutionConfigurationPlatforms) = preSolution
		Debug|Any CPU = Debug|Any CPU
		Release|Any CPU = Release|Any CPU
	EndGlobalSection
	GlobalSection(ProjectConfigurationPlatforms) = postSolution
		{07045570-545F-4880-86B1-5BB9F346A5D7}.Debug|Any CPU.ActiveCfg = Debug|Any CPU
		{07045570-545F-4880-86B1-5BB9F346A5D7}.Debug|Any CPU.Build.0 = Debug|Any CPU
		{07045570-545F-4880-86B1-5BB9F346A5D7}.Release|Any CPU.ActiveCfg = Release|Any CPU
		{07045570-545F-4880-86B1-5BB9F346A5D7}.Release|Any CPU.Build.0 = Release|Any CPU
		{FC75859C-D8DD-4A91-BA8C-B607A9147176}.Debug|Any CPU.ActiveCfg = Debug|Any CPU
		{FC75859C-D8DD-4A91-BA8C-B607A9147176}.Debug|Any CPU.Build.0 = Debug|Any CPU
		{FC75859C-D8DD-4A91-BA8C-B607A9147176}.Release|Any CPU.ActiveCfg = Release|Any CPU
		{FC75859C-D8DD-4A91-BA8C-B607A9147176}.Release|Any CPU.Build.0 = Release|Any CPU
		{2E19A77E-94A3-48E2-82F5-B279671858D2}.Debug|Any CPU.ActiveCfg = Debug|Any CPU
		{2E19A77E-94A3-48E2-82F5-B279671858D2}.Debug|Any CPU.Build.0 = Debug|Any CPU
		{2E19A77E-94A3-48E2-82F5-B279671858D2}.Release|Any CPU.ActiveCfg = Release|Any CPU
		{2E19A77E-94A3-48E2-82F5-B279671858D2}.Release|Any CPU.Build.0 = Release|Any CPU
		{DFEBB8FB-55B8-4E76-8DC7-8ECA66E97A5A}.Debug|Any CPU.ActiveCfg = Debug|Any CPU
		{DFEBB8FB-55B8-4E76-8DC7-8ECA66E97A5A}.Debug|Any CPU.Build.0 = Debug|Any CPU
		{DFEBB8FB-55B8-4E76-8DC7-8ECA66E97A5A}.Release|Any CPU.ActiveCfg = Release|Any CPU
		{DFEBB8FB-55B8-4E76-8DC7-8ECA66E97A5A}.Release|Any CPU.Build.0 = Release|Any CPU
		{A7C11378-2C32-4765-A27F-18AFCD8F54B1}.Debug|Any CPU.ActiveCfg = Debug|Any CPU
		{A7C11378-2C32-4765-A27F-18AFCD8F54B1}.Debug|Any CPU.Build.0 = Debug|Any CPU
		{A7C11378-2C32-4765-A27F-18AFCD8F54B1}.Release|Any CPU.ActiveCfg = Release|Any CPU
		{A7C11378-2C32-4765-A27F-18AFCD8F54B1}.Release|Any CPU.Build.0 = Release|Any CPU
		{147E2D47-271E-4EAD-999C-C9A3C6693E5F}.Debug|Any CPU.ActiveCfg = Debug|Any CPU
		{147E2D47-271E-4EAD-999C-C9A3C6693E5F}.Debug|Any CPU.Build.0 = Debug|Any CPU
		{147E2D47-271E-4EAD-999C-C9A3C6693E5F}.Release|Any CPU.ActiveCfg = Release|Any CPU
		{147E2D47-271E-4EAD-999C-C9A3C6693E5F}.Release|Any CPU.Build.0 = Release|Any CPU
		{6CB89FB8-69FF-4BF0-8F71-5233FF04771A}.Debug|Any CPU.ActiveCfg = Debug|Any CPU
		{6CB89FB8-69FF-4BF0-8F71-5233FF04771A}.Debug|Any CPU.Build.0 = Debug|Any CPU
		{6CB89FB8-69FF-4BF0-8F71-5233FF04771A}.Release|Any CPU.ActiveCfg = Release|Any CPU
		{6CB89FB8-69FF-4BF0-8F71-5233FF04771A}.Release|Any CPU.Build.0 = Release|Any CPU
	EndGlobalSection
	GlobalSection(SolutionProperties) = preSolution
		HideSolutionNode = FALSE
	EndGlobalSection
	GlobalSection(ExtensibilityGlobals) = postSolution
		SolutionGuid = {48B28411-DD01-46C0-A49A-1497EAB9CDB3}
	EndGlobalSection
EndGlobal
